
Microsoft Visual Studio Solution File, Format Version 12.00
# Visual Studio Version 17
VisualStudioVersion = 17.11.35312.102
MinimumVisualStudioVersion = 10.0.40219.1
Project("{F184B08F-C81C-45F6-A57F-5ABD9991F28F}") = "Offline  Examinaton", "Offline  Examinaton.vbproj", "{DB9563DB-A309-4077-A47D-CACF4C50F6D4}"
EndProject
Global
	GlobalSection(SolutionConfigurationPlatforms) = preSolution
		Debug|Any CPU = Debug|Any CPU
		Release|Any CPU = Release|Any CPU
	EndGlobalSection
	GlobalSection(ProjectConfigurationPlatforms) = postSolution
		{DB9563DB-A309-4077-A47D-CACF4C50F6D4}.Debug|Any CPU.ActiveCfg = Debug|Any CPU
		{DB9563DB-A309-4077-A47D-CACF4C50F6D4}.Debug|Any CPU.Build.0 = Debug|Any CPU
		{DB9563DB-A309-4077-A47D-CACF4C50F6D4}.Release|Any CPU.ActiveCfg = Release|Any CPU
		{DB9563DB-A309-4077-A47D-CACF4C50F6D4}.Release|Any CPU.Build.0 = Release|Any CPU
	EndGlobalSection
	GlobalSection(SolutionProperties) = preSolution
		HideSolutionNode = FALSE
	EndGlobalSection
	GlobalSection(ExtensibilityGlobals) = postSolution
		SolutionGuid = {DF4C2AF5-F908-4E45-AA15-8B41AFD9629B}
	EndGlobalSection
EndGlobal
